
Microsoft Visual Studio Solution File, Format Version 12.00
# Visual Studio 15
VisualStudioVersion = 15.0.26403.7
MinimumVisualStudioVersion = 10.0.40219.1
Project("{FAE04EC0-301F-11D3-BF4B-00C04F79EFBC}") = "mchomerEANProductFinder.Core", "mchomerEANProductFinder.Core\mchomerEANProductFinder.Core.csproj", "{980CC90E-2C9B-4590-AE78-825B28D49095}"
EndProject
Project("{FAE04EC0-301F-11D3-BF4B-00C04F79EFBC}") = "mchomerEANProductFinder.Test", "mchomerEANProductFinder.Test\mchomerEANProductFinder.Test.csproj", "{751F431E-3B3E-42ED-B702-36E310618620}"
EndProject
Global
	GlobalSection(SolutionConfigurationPlatforms) = preSolution
		Debug|Any CPU = Debug|Any CPU
		Release|Any CPU = Release|Any CPU
	EndGlobalSection
	GlobalSection(ProjectConfigurationPlatforms) = postSolution
		{980CC90E-2C9B-4590-AE78-825B28D49095}.Debug|Any CPU.ActiveCfg = Debug|Any CPU
		{980CC90E-2C9B-4590-AE78-825B28D49095}.Debug|Any CPU.Build.0 = Debug|Any CPU
		{980CC90E-2C9B-4590-AE78-825B28D49095}.Release|Any CPU.ActiveCfg = Release|Any CPU
		{980CC90E-2C9B-4590-AE78-825B28D49095}.Release|Any CPU.Build.0 = Release|Any CPU
		{751F431E-3B3E-42ED-B702-36E310618620}.Debug|Any CPU.ActiveCfg = Debug|Any CPU
		{751F431E-3B3E-42ED-B702-36E310618620}.Debug|Any CPU.Build.0 = Debug|Any CPU
		{751F431E-3B3E-42ED-B702-36E310618620}.Release|Any CPU.ActiveCfg = Release|Any CPU
		{751F431E-3B3E-42ED-B702-36E310618620}.Release|Any CPU.Build.0 = Release|Any CPU
	EndGlobalSection
	GlobalSection(SolutionProperties) = preSolution
		HideSolutionNode = FALSE
	EndGlobalSection
EndGlobal
